
Microsoft Visual Studio Solution File, Format Version 12.00
# Visual Studio 15
VisualStudioVersion = 15.0.28307.168
MinimumVisualStudioVersion = 10.0.40219.1
Project("{9A19103F-16F7-4668-BE54-9A1E7A4F7556}") = "CQRS", "CQRS\CQRS.csproj", "{AE77095A-6C67-4965-92CA-F123285C43A0}"
EndProject
Project("{FAE04EC0-301F-11D3-BF4B-00C04F79EFBC}") = "CQRS.Tests", "CQRS.Tests\CQRS.Tests.csproj", "{3A934628-52AD-4CF5-ACEC-D3AED7B5F98C}"
EndProject
Project("{FAE04EC0-301F-11D3-BF4B-00C04F79EFBC}") = "CQRS.Example", "CQRS.Example\CQRS.Example.csproj", "{BBD55A72-B3CB-4791-8A04-FE3BC49ED7B6}"
EndProject
Global
	GlobalSection(SolutionConfigurationPlatforms) = preSolution
		Debug|Any CPU = Debug|Any CPU
		Release|Any CPU = Release|Any CPU
	EndGlobalSection
	GlobalSection(ProjectConfigurationPlatforms) = postSolution
		{AE77095A-6C67-4965-92CA-F123285C43A0}.Debug|Any CPU.ActiveCfg = Debug|Any CPU
		{AE77095A-6C67-4965-92CA-F123285C43A0}.Debug|Any CPU.Build.0 = Debug|Any CPU
		{AE77095A-6C67-4965-92CA-F123285C43A0}.Release|Any CPU.ActiveCfg = Release|Any CPU
		{AE77095A-6C67-4965-92CA-F123285C43A0}.Release|Any CPU.Build.0 = Release|Any CPU
		{3A934628-52AD-4CF5-ACEC-D3AED7B5F98C}.Debug|Any CPU.ActiveCfg = Debug|Any CPU
		{3A934628-52AD-4CF5-ACEC-D3AED7B5F98C}.Debug|Any CPU.Build.0 = Debug|Any CPU
		{3A934628-52AD-4CF5-ACEC-D3AED7B5F98C}.Release|Any CPU.ActiveCfg = Release|Any CPU
		{3A934628-52AD-4CF5-ACEC-D3AED7B5F98C}.Release|Any CPU.Build.0 = Release|Any CPU
		{BBD55A72-B3CB-4791-8A04-FE3BC49ED7B6}.Debug|Any CPU.ActiveCfg = Debug|Any CPU
		{BBD55A72-B3CB-4791-8A04-FE3BC49ED7B6}.Debug|Any CPU.Build.0 = Debug|Any CPU
		{BBD55A72-B3CB-4791-8A04-FE3BC49ED7B6}.Release|Any CPU.ActiveCfg = Release|Any CPU
		{BBD55A72-B3CB-4791-8A04-FE3BC49ED7B6}.Release|Any CPU.Build.0 = Release|Any CPU
	EndGlobalSection
	GlobalSection(SolutionProperties) = preSolution
		HideSolutionNode = FALSE
	EndGlobalSection
	GlobalSection(ExtensibilityGlobals) = postSolution
		SolutionGuid = {7E3A2023-D377-43EF-B686-DAAF620BE4F7}
	EndGlobalSection
EndGlobal
